// !$*UTF8*$!
{
	archiveVersion = 1;
	classes = {
	};
	objectVersion = 50;
	objects = {

/* Begin PBXBuildFile section */
		56B5478A22951FE300BB21CB /* Result.swift in Sources */ = {isa = PBXBuildFile; fileRef = 56B5478922951FE300BB21CB /* Result.swift */; };
		56B5478C2295201300BB21CB /* AfreecaSearch.swift in Sources */ = {isa = PBXBuildFile; fileRef = 56B5478B2295201300BB21CB /* AfreecaSearch.swift */; };
		56B5478E2295204300BB21CB /* AfreecaSearchService.swift in Sources */ = {isa = PBXBuildFile; fileRef = 56B5478D2295204300BB21CB /* AfreecaSearchService.swift */; };
		56B547902295217800BB21CB /* API.swift in Sources */ = {isa = PBXBuildFile; fileRef = 56B5478F2295217800BB21CB /* API.swift */; };
		56B547922295262700BB21CB /* AfreecaSearchViewController.swift in Sources */ = {isa = PBXBuildFile; fileRef = 56B547912295262700BB21CB /* AfreecaSearchViewController.swift */; };
		56E478FE2292353C004640C3 /* LoginViewController.swift in Sources */ = {isa = PBXBuildFile; fileRef = 56E478FD2292353C004640C3 /* LoginViewController.swift */; };
		56E4790822924C09004640C3 /* Register.storyboard in Resources */ = {isa = PBXBuildFile; fileRef = 56E4790722924C09004640C3 /* Register.storyboard */; };
		56E4790A22924D7A004640C3 /* GoogleService-Info.plist in Resources */ = {isa = PBXBuildFile; fileRef = 56E4790922924D7A004640C3 /* GoogleService-Info.plist */; };
		56E4790D229255D8004640C3 /* EmailViewController.swift in Sources */ = {isa = PBXBuildFile; fileRef = 56E4790C229255D8004640C3 /* EmailViewController.swift */; };
		56E4790F2292829F004640C3 /* Regex.swift in Sources */ = {isa = PBXBuildFile; fileRef = 56E4790E2292829F004640C3 /* Regex.swift */; };
		56E479112293932F004640C3 /* Method.swift in Sources */ = {isa = PBXBuildFile; fileRef = 56E479102293932F004640C3 /* Method.swift */; };
		56E4791322939941004640C3 /* Singleton.swift in Sources */ = {isa = PBXBuildFile; fileRef = 56E4791222939941004640C3 /* Singleton.swift */; };
		56E4791A22939CE2004640C3 /* TwitchViewController.swift in Sources */ = {isa = PBXBuildFile; fileRef = 56E4791922939CE2004640C3 /* TwitchViewController.swift */; };
		56E4791E22939DE2004640C3 /* AfreecaViewController.swift in Sources */ = {isa = PBXBuildFile; fileRef = 56E4791D22939DE2004640C3 /* AfreecaViewController.swift */; };
		56E479202293E03D004640C3 /* MoveToStoryboard.swift in Sources */ = {isa = PBXBuildFile; fileRef = 56E4791F2293E03D004640C3 /* MoveToStoryboard.swift */; };
		874A415222912B0B003B0363 /* AppDelegate.swift in Sources */ = {isa = PBXBuildFile; fileRef = 874A415122912B0B003B0363 /* AppDelegate.swift */; };
		874A415722912B0B003B0363 /* Main.storyboard in Resources */ = {isa = PBXBuildFile; fileRef = 874A415522912B0B003B0363 /* Main.storyboard */; };
		874A415922912B0C003B0363 /* Assets.xcassets in Resources */ = {isa = PBXBuildFile; fileRef = 874A415822912B0C003B0363 /* Assets.xcassets */; };
		874A415C22912B0C003B0363 /* LaunchScreen.storyboard in Resources */ = {isa = PBXBuildFile; fileRef = 874A415A22912B0C003B0363 /* LaunchScreen.storyboard */; };
		F8FE8E928925593541D06F1B /* Pods_TwifreecaTV.framework in Frameworks */ = {isa = PBXBuildFile; fileRef = 571404B79AC21D56A99FA970 /* Pods_TwifreecaTV.framework */; };
/* End PBXBuildFile section */

/* Begin PBXFileReference section */
		316EC346405B3AA27A6BCB47 /* Pods-TwifreecaTV.debug.xcconfig */ = {isa = PBXFileReference; includeInIndex = 1; lastKnownFileType = text.xcconfig; name = "Pods-TwifreecaTV.debug.xcconfig"; path = "Pods/Target Support Files/Pods-TwifreecaTV/Pods-TwifreecaTV.debug.xcconfig"; sourceTree = "<group>"; };
		56B5478922951FE300BB21CB /* Result.swift */ = {isa = PBXFileReference; lastKnownFileType = sourcecode.swift; path = Result.swift; sourceTree = "<group>"; };
		56B5478B2295201300BB21CB /* AfreecaSearch.swift */ = {isa = PBXFileReference; lastKnownFileType = sourcecode.swift; path = AfreecaSearch.swift; sourceTree = "<group>"; };
		56B5478D2295204300BB21CB /* AfreecaSearchService.swift */ = {isa = PBXFileReference; lastKnownFileType = sourcecode.swift; path = AfreecaSearchService.swift; sourceTree = "<group>"; };
		56B5478F2295217800BB21CB /* API.swift */ = {isa = PBXFileReference; lastKnownFileType = sourcecode.swift; path = API.swift; sourceTree = "<group>"; };
		56B547912295262700BB21CB /* AfreecaSearchViewController.swift */ = {isa = PBXFileReference; lastKnownFileType = sourcecode.swift; path = AfreecaSearchViewController.swift; sourceTree = "<group>"; };
		56E478FD2292353C004640C3 /* LoginViewController.swift */ = {isa = PBXFileReference; lastKnownFileType = sourcecode.swift; path = LoginViewController.swift; sourceTree = "<group>"; };
		56E4790722924C09004640C3 /* Register.storyboard */ = {isa = PBXFileReference; lastKnownFileType = file.storyboard; path = Register.storyboard; sourceTree = "<group>"; };
		56E4790922924D7A004640C3 /* GoogleService-Info.plist */ = {isa = PBXFileReference; fileEncoding = 4; lastKnownFileType = text.plist.xml; path = "GoogleService-Info.plist"; sourceTree = "<group>"; };
		56E4790C229255D8004640C3 /* EmailViewController.swift */ = {isa = PBXFileReference; lastKnownFileType = sourcecode.swift; path = EmailViewController.swift; sourceTree = "<group>"; };
		56E4790E2292829F004640C3 /* Regex.swift */ = {isa = PBXFileReference; lastKnownFileType = sourcecode.swift; path = Regex.swift; sourceTree = "<group>"; };
		56E479102293932F004640C3 /* Method.swift */ = {isa = PBXFileReference; lastKnownFileType = sourcecode.swift; path = Method.swift; sourceTree = "<group>"; };
		56E4791222939941004640C3 /* Singleton.swift */ = {isa = PBXFileReference; lastKnownFileType = sourcecode.swift; path = Singleton.swift; sourceTree = "<group>"; };
		56E4791922939CE2004640C3 /* TwitchViewController.swift */ = {isa = PBXFileReference; lastKnownFileType = sourcecode.swift; path = TwitchViewController.swift; sourceTree = "<group>"; };
		56E4791D22939DE2004640C3 /* AfreecaViewController.swift */ = {isa = PBXFileReference; lastKnownFileType = sourcecode.swift; path = AfreecaViewController.swift; sourceTree = "<group>"; };
		56E4791F2293E03D004640C3 /* MoveToStoryboard.swift */ = {isa = PBXFileReference; lastKnownFileType = sourcecode.swift; path = MoveToStoryboard.swift; sourceTree = "<group>"; };
		571404B79AC21D56A99FA970 /* Pods_TwifreecaTV.framework */ = {isa = PBXFileReference; explicitFileType = wrapper.framework; includeInIndex = 0; path = Pods_TwifreecaTV.framework; sourceTree = BUILT_PRODUCTS_DIR; };
		874A414E22912B0B003B0363 /* TwifreecaTV.app */ = {isa = PBXFileReference; explicitFileType = wrapper.application; includeInIndex = 0; path = TwifreecaTV.app; sourceTree = BUILT_PRODUCTS_DIR; };
		874A415122912B0B003B0363 /* AppDelegate.swift */ = {isa = PBXFileReference; lastKnownFileType = sourcecode.swift; path = AppDelegate.swift; sourceTree = "<group>"; };
		874A415622912B0B003B0363 /* Base */ = {isa = PBXFileReference; lastKnownFileType = file.storyboard; name = Base; path = Base.lproj/Main.storyboard; sourceTree = "<group>"; };
		874A415822912B0C003B0363 /* Assets.xcassets */ = {isa = PBXFileReference; lastKnownFileType = folder.assetcatalog; path = Assets.xcassets; sourceTree = "<group>"; };
		874A415B22912B0C003B0363 /* Base */ = {isa = PBXFileReference; lastKnownFileType = file.storyboard; name = Base; path = Base.lproj/LaunchScreen.storyboard; sourceTree = "<group>"; };
		874A415D22912B0C003B0363 /* Info.plist */ = {isa = PBXFileReference; lastKnownFileType = text.plist.xml; path = Info.plist; sourceTree = "<group>"; };
		94A708F11BAA7FA0275DDB87 /* Pods-TwifreecaTV.release.xcconfig */ = {isa = PBXFileReference; includeInIndex = 1; lastKnownFileType = text.xcconfig; name = "Pods-TwifreecaTV.release.xcconfig"; path = "Pods/Target Support Files/Pods-TwifreecaTV/Pods-TwifreecaTV.release.xcconfig"; sourceTree = "<group>"; };
/* End PBXFileReference section */

/* Begin PBXFrameworksBuildPhase section */
		874A414B22912B0B003B0363 /* Frameworks */ = {
			isa = PBXFrameworksBuildPhase;
			buildActionMask = 2147483647;
			files = (
				F8FE8E928925593541D06F1B /* Pods_TwifreecaTV.framework in Frameworks */,
			);
			runOnlyForDeploymentPostprocessing = 0;
		};
/* End PBXFrameworksBuildPhase section */

/* Begin PBXGroup section */
		0B9ED68A67B37C81C73CF1F9 /* Frameworks */ = {
			isa = PBXGroup;
			children = (
				571404B79AC21D56A99FA970 /* Pods_TwifreecaTV.framework */,
			);
			name = Frameworks;
			sourceTree = "<group>";
		};
		56E478FC229234E6004640C3 /* RegisterViewController */ = {
			isa = PBXGroup;
			children = (
				56E478FD2292353C004640C3 /* LoginViewController.swift */,
				56E4790B229254C0004640C3 /* New */,
			);
			path = RegisterViewController;
			sourceTree = "<group>";
		};
		56E4790B229254C0004640C3 /* New */ = {
			isa = PBXGroup;
			children = (
				56E4790C229255D8004640C3 /* EmailViewController.swift */,
			);
			path = New;
			sourceTree = "<group>";
		};
		56E4791422939A84004640C3 /* Main */ = {
			isa = PBXGroup;
			children = (
				56E4791622939A95004640C3 /* Afreeca */,
				56E4791522939A8C004640C3 /* Twitch */,
			);
			path = Main;
			sourceTree = "<group>";
		};
		56E4791522939A8C004640C3 /* Twitch */ = {
			isa = PBXGroup;
			children = (
				56E4791922939CE2004640C3 /* TwitchViewController.swift */,
			);
			path = Twitch;
			sourceTree = "<group>";
		};
		56E4791622939A95004640C3 /* Afreeca */ = {
			isa = PBXGroup;
			children = (
				56E4791D22939DE2004640C3 /* AfreecaViewController.swift */,
				56B547912295262700BB21CB /* AfreecaSearchViewController.swift */,
			);
			path = Afreeca;
			sourceTree = "<group>";
		};
		874A414522912B0B003B0363 = {
			isa = PBXGroup;
			children = (
				874A415022912B0B003B0363 /* TwifreecaTV */,
				874A414F22912B0B003B0363 /* Products */,
				AA27AB9155C8A3F6D0282E24 /* Pods */,
				0B9ED68A67B37C81C73CF1F9 /* Frameworks */,
			);
			sourceTree = "<group>";
		};
		874A414F22912B0B003B0363 /* Products */ = {
			isa = PBXGroup;
			children = (
				874A414E22912B0B003B0363 /* TwifreecaTV.app */,
			);
			name = Products;
			sourceTree = "<group>";
		};
		874A415022912B0B003B0363 /* TwifreecaTV */ = {
			isa = PBXGroup;
			children = (
				874A416322912D1C003B0363 /* Source */,
				874A416422912D28003B0363 /* StoryBoard */,
				874A416522912D43003B0363 /* Supporting Files */,
				874A415A22912B0C003B0363 /* LaunchScreen.storyboard */,
				56E4790922924D7A004640C3 /* GoogleService-Info.plist */,
			);
			path = TwifreecaTV;
			sourceTree = "<group>";
		};
		874A416322912D1C003B0363 /* Source */ = {
			isa = PBXGroup;
			children = (
				874A415122912B0B003B0363 /* AppDelegate.swift */,
				874A416722912DBA003B0363 /* Util */,
				874A416822912DC1003B0363 /* Model */,
				874A416922912DCC003B0363 /* Service */,
				874A416622912DAF003B0363 /* ViewController */,
			);
			path = Source;
			sourceTree = "<group>";
		};
		874A416422912D28003B0363 /* StoryBoard */ = {
			isa = PBXGroup;
			children = (
				874A415522912B0B003B0363 /* Main.storyboard */,
				56E4790722924C09004640C3 /* Register.storyboard */,
			);
			path = StoryBoard;
			sourceTree = "<group>";
		};
		874A416522912D43003B0363 /* Supporting Files */ = {
			isa = PBXGroup;
			children = (
				874A415D22912B0C003B0363 /* Info.plist */,
				874A415822912B0C003B0363 /* Assets.xcassets */,
			);
			path = "Supporting Files";
			sourceTree = "<group>";
		};
		874A416622912DAF003B0363 /* ViewController */ = {
			isa = PBXGroup;
			children = (
				56E4791422939A84004640C3 /* Main */,
				56E478FC229234E6004640C3 /* RegisterViewController */,
			);
			path = ViewController;
			sourceTree = "<group>";
		};
		874A416722912DBA003B0363 /* Util */ = {
			isa = PBXGroup;
			children = (
				56E4790E2292829F004640C3 /* Regex.swift */,
				56E479102293932F004640C3 /* Method.swift */,
				56E4791F2293E03D004640C3 /* MoveToStoryboard.swift */,
				56B5478F2295217800BB21CB /* API.swift */,
			);
			path = Util;
			sourceTree = "<group>";
		};
		874A416822912DC1003B0363 /* Model */ = {
			isa = PBXGroup;
			children = (
				56E4791222939941004640C3 /* Singleton.swift */,
				56B5478922951FE300BB21CB /* Result.swift */,
				56B5478B2295201300BB21CB /* AfreecaSearch.swift */,
			);
			path = Model;
			sourceTree = "<group>";
		};
		874A416922912DCC003B0363 /* Service */ = {
			isa = PBXGroup;
			children = (
				56B5478D2295204300BB21CB /* AfreecaSearchService.swift */,
			);
			path = Service;
			sourceTree = "<group>";
		};
		AA27AB9155C8A3F6D0282E24 /* Pods */ = {
			isa = PBXGroup;
			children = (
				316EC346405B3AA27A6BCB47 /* Pods-TwifreecaTV.debug.xcconfig */,
				94A708F11BAA7FA0275DDB87 /* Pods-TwifreecaTV.release.xcconfig */,
			);
			name = Pods;
			sourceTree = "<group>";
		};
/* End PBXGroup section */

/* Begin PBXNativeTarget section */
		874A414D22912B0B003B0363 /* TwifreecaTV */ = {
			isa = PBXNativeTarget;
			buildConfigurationList = 874A416022912B0C003B0363 /* Build configuration list for PBXNativeTarget "TwifreecaTV" */;
			buildPhases = (
				395226B466E9D498767D98F0 /* [CP] Check Pods Manifest.lock */,
				874A414A22912B0B003B0363 /* Sources */,
				874A414B22912B0B003B0363 /* Frameworks */,
				874A414C22912B0B003B0363 /* Resources */,
				276A4A7A5C5CB6BE7E239310 /* [CP] Embed Pods Frameworks */,
			);
			buildRules = (
			);
			dependencies = (
			);
			name = TwifreecaTV;
			productName = TwifreecaTV;
			productReference = 874A414E22912B0B003B0363 /* TwifreecaTV.app */;
			productType = "com.apple.product-type.application";
		};
/* End PBXNativeTarget section */

/* Begin PBXProject section */
		874A414622912B0B003B0363 /* Project object */ = {
			isa = PBXProject;
			attributes = {
				LastSwiftUpdateCheck = 1010;
				LastUpgradeCheck = 1010;
				ORGANIZATIONNAME = "엄태형";
				TargetAttributes = {
					874A414D22912B0B003B0363 = {
						CreatedOnToolsVersion = 10.1;
					};
				};
			};
			buildConfigurationList = 874A414922912B0B003B0363 /* Build configuration list for PBXProject "TwifreecaTV" */;
			compatibilityVersion = "Xcode 9.3";
			developmentRegion = en;
			hasScannedForEncodings = 0;
			knownRegions = (
				en,
				Base,
			);
			mainGroup = 874A414522912B0B003B0363;
			productRefGroup = 874A414F22912B0B003B0363 /* Products */;
			projectDirPath = "";
			projectRoot = "";
			targets = (
				874A414D22912B0B003B0363 /* TwifreecaTV */,
			);
		};
/* End PBXProject section */

/* Begin PBXResourcesBuildPhase section */
		874A414C22912B0B003B0363 /* Resources */ = {
			isa = PBXResourcesBuildPhase;
			buildActionMask = 2147483647;
			files = (
				874A415C22912B0C003B0363 /* LaunchScreen.storyboard in Resources */,
				874A415922912B0C003B0363 /* Assets.xcassets in Resources */,
				56E4790A22924D7A004640C3 /* GoogleService-Info.plist in Resources */,
				874A415722912B0B003B0363 /* Main.storyboard in Resources */,
				56E4790822924C09004640C3 /* Register.storyboard in Resources */,
			);
			runOnlyForDeploymentPostprocessing = 0;
		};
/* End PBXResourcesBuildPhase section */

/* Begin PBXShellScriptBuildPhase section */
		276A4A7A5C5CB6BE7E239310 /* [CP] Embed Pods Frameworks */ = {
			isa = PBXShellScriptBuildPhase;
			buildActionMask = 2147483647;
			files = (
			);
			inputPaths = (
				"${SRCROOT}/Pods/Target Support Files/Pods-TwifreecaTV/Pods-TwifreecaTV-frameworks.sh",
				"${BUILT_PRODUCTS_DIR}/Alamofire/Alamofire.framework",
				"${BUILT_PRODUCTS_DIR}/GTMSessionFetcher/GTMSessionFetcher.framework",
				"${BUILT_PRODUCTS_DIR}/GoogleUtilities/GoogleUtilities.framework",
				"${BUILT_PRODUCTS_DIR}/Kingfisher/Kingfisher.framework",
				"${BUILT_PRODUCTS_DIR}/leveldb-library/leveldb.framework",
				"${BUILT_PRODUCTS_DIR}/nanopb/nanopb.framework",
			);
			name = "[CP] Embed Pods Frameworks";
			outputPaths = (
				"${TARGET_BUILD_DIR}/${FRAMEWORKS_FOLDER_PATH}/Alamofire.framework",
				"${TARGET_BUILD_DIR}/${FRAMEWORKS_FOLDER_PATH}/GTMSessionFetcher.framework",
				"${TARGET_BUILD_DIR}/${FRAMEWORKS_FOLDER_PATH}/GoogleUtilities.framework",
				"${TARGET_BUILD_DIR}/${FRAMEWORKS_FOLDER_PATH}/Kingfisher.framework",
				"${TARGET_BUILD_DIR}/${FRAMEWORKS_FOLDER_PATH}/leveldb.framework",
				"${TARGET_BUILD_DIR}/${FRAMEWORKS_FOLDER_PATH}/nanopb.framework",
			);
			runOnlyForDeploymentPostprocessing = 0;
			shellPath = /bin/sh;
			shellScript = "\"${SRCROOT}/Pods/Target Support Files/Pods-TwifreecaTV/Pods-TwifreecaTV-frameworks.sh\"\n";
			showEnvVarsInLog = 0;
		};
		395226B466E9D498767D98F0 /* [CP] Check Pods Manifest.lock */ = {
			isa = PBXShellScriptBuildPhase;
			buildActionMask = 2147483647;
			files = (
			);
			inputPaths = (
				"${PODS_PODFILE_DIR_PATH}/Podfile.lock",
				"${PODS_ROOT}/Manifest.lock",
			);
			name = "[CP] Check Pods Manifest.lock";
			outputPaths = (
				"$(DERIVED_FILE_DIR)/Pods-TwifreecaTV-checkManifestLockResult.txt",
			);
			runOnlyForDeploymentPostprocessing = 0;
			shellPath = /bin/sh;
			shellScript = "diff \"${PODS_PODFILE_DIR_PATH}/Podfile.lock\" \"${PODS_ROOT}/Manifest.lock\" > /dev/null\nif [ $? != 0 ] ; then\n    # print error to STDERR\n    echo \"error: The sandbox is not in sync with the Podfile.lock. Run 'pod install' or update your CocoaPods installation.\" >&2\n    exit 1\nfi\n# This output is used by Xcode 'outputs' to avoid re-running this script phase.\necho \"SUCCESS\" > \"${SCRIPT_OUTPUT_FILE_0}\"\n";
			showEnvVarsInLog = 0;
		};
/* End PBXShellScriptBuildPhase section */

/* Begin PBXSourcesBuildPhase section */
		874A414A22912B0B003B0363 /* Sources */ = {
			isa = PBXSourcesBuildPhase;
			buildActionMask = 2147483647;
			files = (
				56E4790D229255D8004640C3 /* EmailViewController.swift in Sources */,
				56E4790F2292829F004640C3 /* Regex.swift in Sources */,
				56B547922295262700BB21CB /* AfreecaSearchViewController.swift in Sources */,
				56E478FE2292353C004640C3 /* LoginViewController.swift in Sources */,
				56E4791322939941004640C3 /* Singleton.swift in Sources */,
				56E4791E22939DE2004640C3 /* AfreecaViewController.swift in Sources */,
				56E479112293932F004640C3 /* Method.swift in Sources */,
				56E4791A22939CE2004640C3 /* TwitchViewController.swift in Sources */,
				56B5478E2295204300BB21CB /* AfreecaSearchService.swift in Sources */,
				56B547902295217800BB21CB /* API.swift in Sources */,
				56E479202293E03D004640C3 /* MoveToStoryboard.swift in Sources */,
				874A415222912B0B003B0363 /* AppDelegate.swift in Sources */,
				56B5478A22951FE300BB21CB /* Result.swift in Sources */,
				56B5478C2295201300BB21CB /* AfreecaSearch.swift in Sources */,
			);
			runOnlyForDeploymentPostprocessing = 0;
		};
/* End PBXSourcesBuildPhase section */

/* Begin PBXVariantGroup section */
		874A415522912B0B003B0363 /* Main.storyboard */ = {
			isa = PBXVariantGroup;
			children = (
				874A415622912B0B003B0363 /* Base */,
			);
			name = Main.storyboard;
			sourceTree = "<group>";
		};
		874A415A22912B0C003B0363 /* LaunchScreen.storyboard */ = {
			isa = PBXVariantGroup;
			children = (
				874A415B22912B0C003B0363 /* Base */,
			);
			name = LaunchScreen.storyboard;
			sourceTree = "<group>";
		};
/* End PBXVariantGroup section */

/* Begin XCBuildConfiguration section */
		874A415E22912B0C003B0363 /* Debug */ = {
			isa = XCBuildConfiguration;
			buildSettings = {
				ALWAYS_SEARCH_USER_PATHS = NO;
				CLANG_ANALYZER_NONNULL = YES;
				CLANG_ANALYZER_NUMBER_OBJECT_CONVERSION = YES_AGGRESSIVE;
				CLANG_CXX_LANGUAGE_STANDARD = "gnu++14";
				CLANG_CXX_LIBRARY = "libc++";
				CLANG_ENABLE_MODULES = YES;
				CLANG_ENABLE_OBJC_ARC = YES;
				CLANG_ENABLE_OBJC_WEAK = YES;
				CLANG_WARN_BLOCK_CAPTURE_AUTORELEASING = YES;
				CLANG_WARN_BOOL_CONVERSION = YES;
				CLANG_WARN_COMMA = YES;
				CLANG_WARN_CONSTANT_CONVERSION = YES;
				CLANG_WARN_DEPRECATED_OBJC_IMPLEMENTATIONS = YES;
				CLANG_WARN_DIRECT_OBJC_ISA_USAGE = YES_ERROR;
				CLANG_WARN_DOCUMENTATION_COMMENTS = YES;
				CLANG_WARN_EMPTY_BODY = YES;
				CLANG_WARN_ENUM_CONVERSION = YES;
				CLANG_WARN_INFINITE_RECURSION = YES;
				CLANG_WARN_INT_CONVERSION = YES;
				CLANG_WARN_NON_LITERAL_NULL_CONVERSION = YES;
				CLANG_WARN_OBJC_IMPLICIT_RETAIN_SELF = YES;
				CLANG_WARN_OBJC_LITERAL_CONVERSION = YES;
				CLANG_WARN_OBJC_ROOT_CLASS = YES_ERROR;
				CLANG_WARN_RANGE_LOOP_ANALYSIS = YES;
				CLANG_WARN_STRICT_PROTOTYPES = YES;
				CLANG_WARN_SUSPICIOUS_MOVE = YES;
				CLANG_WARN_UNGUARDED_AVAILABILITY = YES_AGGRESSIVE;
				CLANG_WARN_UNREACHABLE_CODE = YES;
				CLANG_WARN__DUPLICATE_METHOD_MATCH = YES;
				CODE_SIGN_IDENTITY = "iPhone Developer";
				COPY_PHASE_STRIP = NO;
				DEBUG_INFORMATION_FORMAT = dwarf;
				ENABLE_STRICT_OBJC_MSGSEND = YES;
				ENABLE_TESTABILITY = YES;
				GCC_C_LANGUAGE_STANDARD = gnu11;
				GCC_DYNAMIC_NO_PIC = NO;
				GCC_NO_COMMON_BLOCKS = YES;
				GCC_OPTIMIZATION_LEVEL = 0;
				GCC_PREPROCESSOR_DEFINITIONS = (
					"DEBUG=1",
					"$(inherited)",
				);
				GCC_WARN_64_TO_32_BIT_CONVERSION = YES;
				GCC_WARN_ABOUT_RETURN_TYPE = YES_ERROR;
				GCC_WARN_UNDECLARED_SELECTOR = YES;
				GCC_WARN_UNINITIALIZED_AUTOS = YES_AGGRESSIVE;
				GCC_WARN_UNUSED_FUNCTION = YES;
				GCC_WARN_UNUSED_VARIABLE = YES;
				IPHONEOS_DEPLOYMENT_TARGET = 12.1;
				MTL_ENABLE_DEBUG_INFO = INCLUDE_SOURCE;
				MTL_FAST_MATH = YES;
				ONLY_ACTIVE_ARCH = YES;
				SDKROOT = iphoneos;
				SWIFT_ACTIVE_COMPILATION_CONDITIONS = DEBUG;
				SWIFT_OPTIMIZATION_LEVEL = "-Onone";
			};
			name = Debug;
		};
		874A415F22912B0C003B0363 /* Release */ = {
			isa = XCBuildConfiguration;
			buildSettings = {
				ALWAYS_SEARCH_USER_PATHS = NO;
				CLANG_ANALYZER_NONNULL = YES;
				CLANG_ANALYZER_NUMBER_OBJECT_CONVERSION = YES_AGGRESSIVE;
				CLANG_CXX_LANGUAGE_STANDARD = "gnu++14";
				CLANG_CXX_LIBRARY = "libc++";
				CLANG_ENABLE_MODULES = YES;
				CLANG_ENABLE_OBJC_ARC = YES;
				CLANG_ENABLE_OBJC_WEAK = YES;
				CLANG_WARN_BLOCK_CAPTURE_AUTORELEASING = YES;
				CLANG_WARN_BOOL_CONVERSION = YES;
				CLANG_WARN_COMMA = YES;
				CLANG_WARN_CONSTANT_CONVERSION = YES;
				CLANG_WARN_DEPRECATED_OBJC_IMPLEMENTATIONS = YES;
				CLANG_WARN_DIRECT_OBJC_ISA_USAGE = YES_ERROR;
				CLANG_WARN_DOCUMENTATION_COMMENTS = YES;
				CLANG_WARN_EMPTY_BODY = YES;
				CLANG_WARN_ENUM_CONVERSION = YES;
				CLANG_WARN_INFINITE_RECURSION = YES;
				CLANG_WARN_INT_CONVERSION = YES;
				CLANG_WARN_NON_LITERAL_NULL_CONVERSION = YES;
				CLANG_WARN_OBJC_IMPLICIT_RETAIN_SELF = YES;
				CLANG_WARN_OBJC_LITERAL_CONVERSION = YES;
				CLANG_WARN_OBJC_ROOT_CLASS = YES_ERROR;
				CLANG_WARN_RANGE_LOOP_ANALYSIS = YES;
				CLANG_WARN_STRICT_PROTOTYPES = YES;
				CLANG_WARN_SUSPICIOUS_MOVE = YES;
				CLANG_WARN_UNGUARDED_AVAILABILITY = YES_AGGRESSIVE;
				CLANG_WARN_UNREACHABLE_CODE = YES;
				CLANG_WARN__DUPLICATE_METHOD_MATCH = YES;
				CODE_SIGN_IDENTITY = "iPhone Developer";
				COPY_PHASE_STRIP = NO;
				DEBUG_INFORMATION_FORMAT = "dwarf-with-dsym";
				ENABLE_NS_ASSERTIONS = NO;
				ENABLE_STRICT_OBJC_MSGSEND = YES;
				GCC_C_LANGUAGE_STANDARD = gnu11;
				GCC_NO_COMMON_BLOCKS = YES;
				GCC_WARN_64_TO_32_BIT_CONVERSION = YES;
				GCC_WARN_ABOUT_RETURN_TYPE = YES_ERROR;
				GCC_WARN_UNDECLARED_SELECTOR = YES;
				GCC_WARN_UNINITIALIZED_AUTOS = YES_AGGRESSIVE;
				GCC_WARN_UNUSED_FUNCTION = YES;
				GCC_WARN_UNUSED_VARIABLE = YES;
				IPHONEOS_DEPLOYMENT_TARGET = 12.1;
				MTL_ENABLE_DEBUG_INFO = NO;
				MTL_FAST_MATH = YES;
				SDKROOT = iphoneos;
				SWIFT_COMPILATION_MODE = wholemodule;
				SWIFT_OPTIMIZATION_LEVEL = "-O";
				VALIDATE_PRODUCT = YES;
			};
			name = Release;
		};
		874A416122912B0C003B0363 /* Debug */ = {
			isa = XCBuildConfiguration;
			baseConfigurationReference = 316EC346405B3AA27A6BCB47 /* Pods-TwifreecaTV.debug.xcconfig */;
			buildSettings = {
				ASSETCATALOG_COMPILER_APPICON_NAME = AppIcon;
				CODE_SIGN_STYLE = Automatic;
				DEVELOPMENT_TEAM = 9UT8US6W3V;
				INFOPLIST_FILE = "$(SRCROOT)/TwifreecaTV/Supporting Files/Info.plist";
				LD_RUNPATH_SEARCH_PATHS = (
					"$(inherited)",
					"@executable_path/Frameworks",
				);
				PRODUCT_BUNDLE_IDENTIFIER = test.TwifreecaTV;
				PRODUCT_NAME = "$(TARGET_NAME)";
				SWIFT_VERSION = 4.2;
				TARGETED_DEVICE_FAMILY = "1,2";
			};
			name = Debug;
		};
		874A416222912B0C003B0363 /* Release */ = {
			isa = XCBuildConfiguration;
			baseConfigurationReference = 94A708F11BAA7FA0275DDB87 /* Pods-TwifreecaTV.release.xcconfig */;
			buildSettings = {
				ASSETCATALOG_COMPILER_APPICON_NAME = AppIcon;
				CODE_SIGN_STYLE = Automatic;
				DEVELOPMENT_TEAM = 9UT8US6W3V;
				INFOPLIST_FILE = "$(SRCROOT)/TwifreecaTV/Supporting Files/Info.plist";
				LD_RUNPATH_SEARCH_PATHS = (
					"$(inherited)",
					"@executable_path/Frameworks",
				);
				PRODUCT_BUNDLE_IDENTIFIER = test.TwifreecaTV;
				PRODUCT_NAME = "$(TARGET_NAME)";
				SWIFT_VERSION = 4.2;
				TARGETED_DEVICE_FAMILY = "1,2";
			};
			name = Release;
		};
/* End XCBuildConfiguration section */

/* Begin XCConfigurationList section */
		874A414922912B0B003B0363 /* Build configuration list for PBXProject "TwifreecaTV" */ = {
			isa = XCConfigurationList;
			buildConfigurations = (
				874A415E22912B0C003B0363 /* Debug */,
				874A415F22912B0C003B0363 /* Release */,
			);
			defaultConfigurationIsVisible = 0;
			defaultConfigurationName = Release;
		};
		874A416022912B0C003B0363 /* Build configuration list for PBXNativeTarget "TwifreecaTV" */ = {
			isa = XCConfigurationList;
			buildConfigurations = (
				874A416122912B0C003B0363 /* Debug */,
				874A416222912B0C003B0363 /* Release */,
			);
			defaultConfigurationIsVisible = 0;
			defaultConfigurationName = Release;
		};
/* End XCConfigurationList section */
	};
	rootObject = 874A414622912B0B003B0363 /* Project object */;
}
